{
  "nodes": {
    "nixpkgs": {
      "locked": {
        "lastModified": 1715964850,
        "narHash": "sha256-RoTVDQrvnW43fDwzdoGG7JBnaNP5lTGWDS1ZucgwgRA=",
        "owner": "NixOS",
        "repo": "nixpkgs",
        "rev": "e3eec4a4c1df1b7300c1b338ccc95043f3202906",
        "type": "github"
      },
      "original": {
        "owner": "NixOS",
        "ref": "release-23.11",
        "repo": "nixpkgs",
        "type": "github"
      }
    },
    "root": {
      "inputs": {
        "nixpkgs": "nixpkgs"
      }
    }
  },
  "root": "root",
  "version": 7
}
